
Microsoft Visual Studio Solution File, Format Version 12.00
# Visual Studio Version 16
VisualStudioVersion = 25.0.1705.0
MinimumVisualStudioVersion = 10.0.40219.1
Project("{FAE04EC0-301F-11D3-BF4B-00C04F79EFBC}") = "HelloBla.Server", "HelloBla\Server\HelloBla.Server.csproj", "{7E28325F-5A92-4697-B262-D14288A85FDC}"
EndProject
Project("{FAE04EC0-301F-11D3-BF4B-00C04F79EFBC}") = "HelloBla.Client", "HelloBla\Client\HelloBla.Client.csproj", "{B67DA86F-03E8-4C70-9D46-F62B27637D6E}"
EndProject
Project("{FAE04EC0-301F-11D3-BF4B-00C04F79EFBC}") = "HelloBla.Shared", "HelloBla\Shared\HelloBla.Shared.csproj", "{B5AFD08B-658C-4AEA-920D-4DCF29B88E8F}"
EndProject
Global
	GlobalSection(SolutionConfigurationPlatforms) = preSolution
		Debug|Any CPU = Debug|Any CPU
		Release|Any CPU = Release|Any CPU
	EndGlobalSection
	GlobalSection(ProjectConfigurationPlatforms) = postSolution
		{7E28325F-5A92-4697-B262-D14288A85FDC}.Debug|Any CPU.ActiveCfg = Debug|Any CPU
		{7E28325F-5A92-4697-B262-D14288A85FDC}.Debug|Any CPU.Build.0 = Debug|Any CPU
		{7E28325F-5A92-4697-B262-D14288A85FDC}.Release|Any CPU.ActiveCfg = Release|Any CPU
		{7E28325F-5A92-4697-B262-D14288A85FDC}.Release|Any CPU.Build.0 = Release|Any CPU
		{B67DA86F-03E8-4C70-9D46-F62B27637D6E}.Debug|Any CPU.ActiveCfg = Debug|Any CPU
		{B67DA86F-03E8-4C70-9D46-F62B27637D6E}.Debug|Any CPU.Build.0 = Debug|Any CPU
		{B67DA86F-03E8-4C70-9D46-F62B27637D6E}.Release|Any CPU.ActiveCfg = Release|Any CPU
		{B67DA86F-03E8-4C70-9D46-F62B27637D6E}.Release|Any CPU.Build.0 = Release|Any CPU
		{B5AFD08B-658C-4AEA-920D-4DCF29B88E8F}.Debug|Any CPU.ActiveCfg = Debug|Any CPU
		{B5AFD08B-658C-4AEA-920D-4DCF29B88E8F}.Debug|Any CPU.Build.0 = Debug|Any CPU
		{B5AFD08B-658C-4AEA-920D-4DCF29B88E8F}.Release|Any CPU.ActiveCfg = Release|Any CPU
		{B5AFD08B-658C-4AEA-920D-4DCF29B88E8F}.Release|Any CPU.Build.0 = Release|Any CPU
	EndGlobalSection
	GlobalSection(SolutionProperties) = preSolution
		HideSolutionNode = FALSE
	EndGlobalSection
	GlobalSection(ExtensibilityGlobals) = postSolution
		SolutionGuid = {36A1441F-808B-434E-BF22-EED34DB24941}
	EndGlobalSection
EndGlobal
